// !$*UTF8*$!
{
	archiveVersion = 1;
	classes = {
	};
	objectVersion = 55;
	objects = {

/* Begin PBXBuildFile section */
		63256A362758721700BFC1A0 /* road_testApp.swift in Sources */ = {isa = PBXBuildFile; fileRef = 63256A352758721700BFC1A0 /* road_testApp.swift */; };
		63256A382758721700BFC1A0 /* ContentView.swift in Sources */ = {isa = PBXBuildFile; fileRef = 63256A372758721700BFC1A0 /* ContentView.swift */; };
		63256A3A2758721800BFC1A0 /* Assets.xcassets in Resources */ = {isa = PBXBuildFile; fileRef = 63256A392758721800BFC1A0 /* Assets.xcassets */; };
		63256A3D2758721800BFC1A0 /* Preview Assets.xcassets in Resources */ = {isa = PBXBuildFile; fileRef = 63256A3C2758721800BFC1A0 /* Preview Assets.xcassets */; };
		63256A472758721800BFC1A0 /* road_testTests.swift in Sources */ = {isa = PBXBuildFile; fileRef = 63256A462758721800BFC1A0 /* road_testTests.swift */; };
		63256A512758721800BFC1A0 /* road_testUITests.swift in Sources */ = {isa = PBXBuildFile; fileRef = 63256A502758721800BFC1A0 /* road_testUITests.swift */; };
		63256A532758721800BFC1A0 /* road_testUITestsLaunchTests.swift in Sources */ = {isa = PBXBuildFile; fileRef = 63256A522758721800BFC1A0 /* road_testUITestsLaunchTests.swift */; };
		63256A60275A75E400BFC1A0 /* Personal_infView.swift in Sources */ = {isa = PBXBuildFile; fileRef = 63256A5F275A75E400BFC1A0 /* Personal_infView.swift */; };
		63256A64275A76C800BFC1A0 /* RoadTestView.swift in Sources */ = {isa = PBXBuildFile; fileRef = 63256A63275A76C800BFC1A0 /* RoadTestView.swift */; };
		63256A66275A80A200BFC1A0 /* TestResultView.swift in Sources */ = {isa = PBXBuildFile; fileRef = 63256A65275A80A200BFC1A0 /* TestResultView.swift */; };
		63256A68275C7FD000BFC1A0 /* SPView.swift in Sources */ = {isa = PBXBuildFile; fileRef = 63256A67275C7FD000BFC1A0 /* SPView.swift */; };
		63256A6C275CA58C00BFC1A0 /* questionView.swift in Sources */ = {isa = PBXBuildFile; fileRef = 63256A6B275CA58C00BFC1A0 /* questionView.swift */; };
/* End PBXBuildFile section */

/* Begin PBXContainerItemProxy section */
		63256A432758721800BFC1A0 /* PBXContainerItemProxy */ = {
			isa = PBXContainerItemProxy;
			containerPortal = 63256A2A2758721700BFC1A0 /* Project object */;
			proxyType = 1;
			remoteGlobalIDString = 63256A312758721700BFC1A0;
			remoteInfo = road_test;
		};
		63256A4D2758721800BFC1A0 /* PBXContainerItemProxy */ = {
			isa = PBXContainerItemProxy;
			containerPortal = 63256A2A2758721700BFC1A0 /* Project object */;
			proxyType = 1;
			remoteGlobalIDString = 63256A312758721700BFC1A0;
			remoteInfo = road_test;
		};
/* End PBXContainerItemProxy section */

/* Begin PBXFileReference section */
		63256A322758721700BFC1A0 /* road_test.app */ = {isa = PBXFileReference; explicitFileType = wrapper.application; includeInIndex = 0; path = road_test.app; sourceTree = BUILT_PRODUCTS_DIR; };
		63256A352758721700BFC1A0 /* road_testApp.swift */ = {isa = PBXFileReference; lastKnownFileType = sourcecode.swift; path = road_testApp.swift; sourceTree = "<group>"; };
		63256A372758721700BFC1A0 /* ContentView.swift */ = {isa = PBXFileReference; lastKnownFileType = sourcecode.swift; path = ContentView.swift; sourceTree = "<group>"; };
		63256A392758721800BFC1A0 /* Assets.xcassets */ = {isa = PBXFileReference; lastKnownFileType = folder.assetcatalog; path = Assets.xcassets; sourceTree = "<group>"; };
		63256A3C2758721800BFC1A0 /* Preview Assets.xcassets */ = {isa = PBXFileReference; lastKnownFileType = folder.assetcatalog; path = "Preview Assets.xcassets"; sourceTree = "<group>"; };
		63256A422758721800BFC1A0 /* road_testTests.xctest */ = {isa = PBXFileReference; explicitFileType = wrapper.cfbundle; includeInIndex = 0; path = road_testTests.xctest; sourceTree = BUILT_PRODUCTS_DIR; };
		63256A462758721800BFC1A0 /* road_testTests.swift */ = {isa = PBXFileReference; lastKnownFileType = sourcecode.swift; path = road_testTests.swift; sourceTree = "<group>"; };
		63256A4C2758721800BFC1A0 /* road_testUITests.xctest */ = {isa = PBXFileReference; explicitFileType = wrapper.cfbundle; includeInIndex = 0; path = road_testUITests.xctest; sourceTree = BUILT_PRODUCTS_DIR; };
		63256A502758721800BFC1A0 /* road_testUITests.swift */ = {isa = PBXFileReference; lastKnownFileType = sourcecode.swift; path = road_testUITests.swift; sourceTree = "<group>"; };
		63256A522758721800BFC1A0 /* road_testUITestsLaunchTests.swift */ = {isa = PBXFileReference; lastKnownFileType = sourcecode.swift; path = road_testUITestsLaunchTests.swift; sourceTree = "<group>"; };
		63256A5F275A75E400BFC1A0 /* Personal_infView.swift */ = {isa = PBXFileReference; lastKnownFileType = sourcecode.swift; path = Personal_infView.swift; sourceTree = "<group>"; };
		63256A63275A76C800BFC1A0 /* RoadTestView.swift */ = {isa = PBXFileReference; lastKnownFileType = sourcecode.swift; path = RoadTestView.swift; sourceTree = "<group>"; };
		63256A65275A80A200BFC1A0 /* TestResultView.swift */ = {isa = PBXFileReference; lastKnownFileType = sourcecode.swift; path = TestResultView.swift; sourceTree = "<group>"; };
		63256A67275C7FD000BFC1A0 /* SPView.swift */ = {isa = PBXFileReference; lastKnownFileType = sourcecode.swift; path = SPView.swift; sourceTree = "<group>"; };
		63256A6B275CA58C00BFC1A0 /* questionView.swift */ = {isa = PBXFileReference; lastKnownFileType = sourcecode.swift; path = questionView.swift; sourceTree = "<group>"; };
/* End PBXFileReference section */

/* Begin PBXFrameworksBuildPhase section */
		63256A2F2758721700BFC1A0 /* Frameworks */ = {
			isa = PBXFrameworksBuildPhase;
			buildActionMask = 2147483647;
			files = (
			);
			runOnlyForDeploymentPostprocessing = 0;
		};
		63256A3F2758721800BFC1A0 /* Frameworks */ = {
			isa = PBXFrameworksBuildPhase;
			buildActionMask = 2147483647;
			files = (
			);
			runOnlyForDeploymentPostprocessing = 0;
		};
		63256A492758721800BFC1A0 /* Frameworks */ = {
			isa = PBXFrameworksBuildPhase;
			buildActionMask = 2147483647;
			files = (
			);
			runOnlyForDeploymentPostprocessing = 0;
		};
/* End PBXFrameworksBuildPhase section */

/* Begin PBXGroup section */
		63256A292758721700BFC1A0 = {
			isa = PBXGroup;
			children = (
				63256A342758721700BFC1A0 /* road_test */,
				63256A452758721800BFC1A0 /* road_testTests */,
				63256A4F2758721800BFC1A0 /* road_testUITests */,
				63256A332758721700BFC1A0 /* Products */,
			);
			sourceTree = "<group>";
		};
		63256A332758721700BFC1A0 /* Products */ = {
			isa = PBXGroup;
			children = (
				63256A322758721700BFC1A0 /* road_test.app */,
				63256A422758721800BFC1A0 /* road_testTests.xctest */,
				63256A4C2758721800BFC1A0 /* road_testUITests.xctest */,
			);
			name = Products;
			sourceTree = "<group>";
		};
		63256A342758721700BFC1A0 /* road_test */ = {
			isa = PBXGroup;
			children = (
				63256A352758721700BFC1A0 /* road_testApp.swift */,
				63256A65275A80A200BFC1A0 /* TestResultView.swift */,
				63256A63275A76C800BFC1A0 /* RoadTestView.swift */,
				63256A67275C7FD000BFC1A0 /* SPView.swift */,
				63256A5F275A75E400BFC1A0 /* Personal_infView.swift */,
				63256A372758721700BFC1A0 /* ContentView.swift */,
				63256A392758721800BFC1A0 /* Assets.xcassets */,
				63256A3B2758721800BFC1A0 /* Preview Content */,
				63256A6B275CA58C00BFC1A0 /* questionView.swift */,
			);
			path = road_test;
			sourceTree = "<group>";
		};
		63256A3B2758721800BFC1A0 /* Preview Content */ = {
			isa = PBXGroup;
			children = (
				63256A3C2758721800BFC1A0 /* Preview Assets.xcassets */,
			);
			path = "Preview Content";
			sourceTree = "<group>";
		};
		63256A452758721800BFC1A0 /* road_testTests */ = {
			isa = PBXGroup;
			children = (
				63256A462758721800BFC1A0 /* road_testTests.swift */,
			);
			path = road_testTests;
			sourceTree = "<group>";
		};
		63256A4F2758721800BFC1A0 /* road_testUITests */ = {
			isa = PBXGroup;
			children = (
				63256A502758721800BFC1A0 /* road_testUITests.swift */,
				63256A522758721800BFC1A0 /* road_testUITestsLaunchTests.swift */,
			);
			path = road_testUITests;
			sourceTree = "<group>";
		};
/* End PBXGroup section */

/* Begin PBXNativeTarget section */
		63256A312758721700BFC1A0 /* road_test */ = {
			isa = PBXNativeTarget;
			buildConfigurationList = 63256A562758721800BFC1A0 /* Build configuration list for PBXNativeTarget "road_test" */;
			buildPhases = (
				63256A2E2758721700BFC1A0 /* Sources */,
				63256A2F2758721700BFC1A0 /* Frameworks */,
				63256A302758721700BFC1A0 /* Resources */,
			);
			buildRules = (
			);
			dependencies = (
			);
			name = road_test;
			productName = road_test;
			productReference = 63256A322758721700BFC1A0 /* road_test.app */;
			productType = "com.apple.product-type.application";
		};
		63256A412758721800BFC1A0 /* road_testTests */ = {
			isa = PBXNativeTarget;
			buildConfigurationList = 63256A592758721800BFC1A0 /* Build configuration list for PBXNativeTarget "road_testTests" */;
			buildPhases = (
				63256A3E2758721800BFC1A0 /* Sources */,
				63256A3F2758721800BFC1A0 /* Frameworks */,
				63256A402758721800BFC1A0 /* Resources */,
			);
			buildRules = (
			);
			dependencies = (
				63256A442758721800BFC1A0 /* PBXTargetDependency */,
			);
			name = road_testTests;
			productName = road_testTests;
			productReference = 63256A422758721800BFC1A0 /* road_testTests.xctest */;
			productType = "com.apple.product-type.bundle.unit-test";
		};
		63256A4B2758721800BFC1A0 /* road_testUITests */ = {
			isa = PBXNativeTarget;
			buildConfigurationList = 63256A5C2758721800BFC1A0 /* Build configuration list for PBXNativeTarget "road_testUITests" */;
			buildPhases = (
				63256A482758721800BFC1A0 /* Sources */,
				63256A492758721800BFC1A0 /* Frameworks */,
				63256A4A2758721800BFC1A0 /* Resources */,
			);
			buildRules = (
			);
			dependencies = (
				63256A4E2758721800BFC1A0 /* PBXTargetDependency */,
			);
			name = road_testUITests;
			productName = road_testUITests;
			productReference = 63256A4C2758721800BFC1A0 /* road_testUITests.xctest */;
			productType = "com.apple.product-type.bundle.ui-testing";
		};
/* End PBXNativeTarget section */

/* Begin PBXProject section */
		63256A2A2758721700BFC1A0 /* Project object */ = {
			isa = PBXProject;
			attributes = {
				BuildIndependentTargetsInParallel = 1;
				LastSwiftUpdateCheck = 1310;
				LastUpgradeCheck = 1310;
				TargetAttributes = {
					63256A312758721700BFC1A0 = {
						CreatedOnToolsVersion = 13.1;
					};
					63256A412758721800BFC1A0 = {
						CreatedOnToolsVersion = 13.1;
						TestTargetID = 63256A312758721700BFC1A0;
					};
					63256A4B2758721800BFC1A0 = {
						CreatedOnToolsVersion = 13.1;
						TestTargetID = 63256A312758721700BFC1A0;
					};
				};
			};
			buildConfigurationList = 63256A2D2758721700BFC1A0 /* Build configuration list for PBXProject "road_test" */;
			compatibilityVersion = "Xcode 13.0";
			developmentRegion = en;
			hasScannedForEncodings = 0;
			knownRegions = (
				en,
				Base,
			);
			mainGroup = 63256A292758721700BFC1A0;
			productRefGroup = 63256A332758721700BFC1A0 /* Products */;
			projectDirPath = "";
			projectRoot = "";
			targets = (
				63256A312758721700BFC1A0 /* road_test */,
				63256A412758721800BFC1A0 /* road_testTests */,
				63256A4B2758721800BFC1A0 /* road_testUITests */,
			);
		};
/* End PBXProject section */

/* Begin PBXResourcesBuildPhase section */
		63256A302758721700BFC1A0 /* Resources */ = {
			isa = PBXResourcesBuildPhase;
			buildActionMask = 2147483647;
			files = (
				63256A3D2758721800BFC1A0 /* Preview Assets.xcassets in Resources */,
				63256A3A2758721800BFC1A0 /* Assets.xcassets in Resources */,
			);
			runOnlyForDeploymentPostprocessing = 0;
		};
		63256A402758721800BFC1A0 /* Resources */ = {
			isa = PBXResourcesBuildPhase;
			buildActionMask = 2147483647;
			files = (
			);
			runOnlyForDeploymentPostprocessing = 0;
		};
		63256A4A2758721800BFC1A0 /* Resources */ = {
			isa = PBXResourcesBuildPhase;
			buildActionMask = 2147483647;
			files = (
			);
			runOnlyForDeploymentPostprocessing = 0;
		};
/* End PBXResourcesBuildPhase section */

/* Begin PBXSourcesBuildPhase section */
		63256A2E2758721700BFC1A0 /* Sources */ = {
			isa = PBXSourcesBuildPhase;
			buildActionMask = 2147483647;
			files = (
				63256A382758721700BFC1A0 /* ContentView.swift in Sources */,
				63256A362758721700BFC1A0 /* road_testApp.swift in Sources */,
				63256A64275A76C800BFC1A0 /* RoadTestView.swift in Sources */,
				63256A60275A75E400BFC1A0 /* Personal_infView.swift in Sources */,
				63256A66275A80A200BFC1A0 /* TestResultView.swift in Sources */,
				63256A6C275CA58C00BFC1A0 /* questionView.swift in Sources */,
				63256A68275C7FD000BFC1A0 /* SPView.swift in Sources */,
			);
			runOnlyForDeploymentPostprocessing = 0;
		};
		63256A3E2758721800BFC1A0 /* Sources */ = {
			isa = PBXSourcesBuildPhase;
			buildActionMask = 2147483647;
			files = (
				63256A472758721800BFC1A0 /* road_testTests.swift in Sources */,
			);
			runOnlyForDeploymentPostprocessing = 0;
		};
		63256A482758721800BFC1A0 /* Sources */ = {
			isa = PBXSourcesBuildPhase;
			buildActionMask = 2147483647;
			files = (
				63256A532758721800BFC1A0 /* road_testUITestsLaunchTests.swift in Sources */,
				63256A512758721800BFC1A0 /* road_testUITests.swift in Sources */,
			);
			runOnlyForDeploymentPostprocessing = 0;
		};
/* End PBXSourcesBuildPhase section */

/* Begin PBXTargetDependency section */
		63256A442758721800BFC1A0 /* PBXTargetDependency */ = {
			isa = PBXTargetDependency;
			target = 63256A312758721700BFC1A0 /* road_test */;
			targetProxy = 63256A432758721800BFC1A0 /* PBXContainerItemProxy */;
		};
		63256A4E2758721800BFC1A0 /* PBXTargetDependency */ = {
			isa = PBXTargetDependency;
			target = 63256A312758721700BFC1A0 /* road_test */;
			targetProxy = 63256A4D2758721800BFC1A0 /* PBXContainerItemProxy */;
		};
/* End PBXTargetDependency section */

/* Begin XCBuildConfiguration section */
		63256A542758721800BFC1A0 /* Debug */ = {
			isa = XCBuildConfiguration;
			buildSettings = {
				ALWAYS_SEARCH_USER_PATHS = NO;
				CLANG_ANALYZER_NONNULL = YES;
				CLANG_ANALYZER_NUMBER_OBJECT_CONVERSION = YES_AGGRESSIVE;
				CLANG_CXX_LANGUAGE_STANDARD = "gnu++17";
				CLANG_CXX_LIBRARY = "libc++";
				CLANG_ENABLE_MODULES = YES;
				CLANG_ENABLE_OBJC_ARC = YES;
				CLANG_ENABLE_OBJC_WEAK = YES;
				CLANG_WARN_BLOCK_CAPTURE_AUTORELEASING = YES;
				CLANG_WARN_BOOL_CONVERSION = YES;
				CLANG_WARN_COMMA = YES;
				CLANG_WARN_CONSTANT_CONVERSION = YES;
				CLANG_WARN_DEPRECATED_OBJC_IMPLEMENTATIONS = YES;
				CLANG_WARN_DIRECT_OBJC_ISA_USAGE = YES_ERROR;
				CLANG_WARN_DOCUMENTATION_COMMENTS = YES;
				CLANG_WARN_EMPTY_BODY = YES;
				CLANG_WARN_ENUM_CONVERSION = YES;
				CLANG_WARN_INFINITE_RECURSION = YES;
				CLANG_WARN_INT_CONVERSION = YES;
				CLANG_WARN_NON_LITERAL_NULL_CONVERSION = YES;
				CLANG_WARN_OBJC_IMPLICIT_RETAIN_SELF = YES;
				CLANG_WARN_OBJC_LITERAL_CONVERSION = YES;
				CLANG_WARN_OBJC_ROOT_CLASS = YES_ERROR;
				CLANG_WARN_QUOTED_INCLUDE_IN_FRAMEWORK_HEADER = YES;
				CLANG_WARN_RANGE_LOOP_ANALYSIS = YES;
				CLANG_WARN_STRICT_PROTOTYPES = YES;
				CLANG_WARN_SUSPICIOUS_MOVE = YES;
				CLANG_WARN_UNGUARDED_AVAILABILITY = YES_AGGRESSIVE;
				CLANG_WARN_UNREACHABLE_CODE = YES;
				CLANG_WARN__DUPLICATE_METHOD_MATCH = YES;
				COPY_PHASE_STRIP = NO;
				DEBUG_INFORMATION_FORMAT = dwarf;
				ENABLE_STRICT_OBJC_MSGSEND = YES;
				ENABLE_TESTABILITY = YES;
				GCC_C_LANGUAGE_STANDARD = gnu11;
				GCC_DYNAMIC_NO_PIC = NO;
				GCC_NO_COMMON_BLOCKS = YES;
				GCC_OPTIMIZATION_LEVEL = 0;
				GCC_PREPROCESSOR_DEFINITIONS = (
					"DEBUG=1",
					"$(inherited)",
				);
				GCC_WARN_64_TO_32_BIT_CONVERSION = YES;
				GCC_WARN_ABOUT_RETURN_TYPE = YES_ERROR;
				GCC_WARN_UNDECLARED_SELECTOR = YES;
				GCC_WARN_UNINITIALIZED_AUTOS = YES_AGGRESSIVE;
				GCC_WARN_UNUSED_FUNCTION = YES;
				GCC_WARN_UNUSED_VARIABLE = YES;
				IPHONEOS_DEPLOYMENT_TARGET = 15.0;
				MTL_ENABLE_DEBUG_INFO = INCLUDE_SOURCE;
				MTL_FAST_MATH = YES;
				ONLY_ACTIVE_ARCH = YES;
				SDKROOT = iphoneos;
				SWIFT_ACTIVE_COMPILATION_CONDITIONS = DEBUG;
				SWIFT_OPTIMIZATION_LEVEL = "-Onone";
			};
			name = Debug;
		};
		63256A552758721800BFC1A0 /* Release */ = {
			isa = XCBuildConfiguration;
			buildSettings = {
				ALWAYS_SEARCH_USER_PATHS = NO;
				CLANG_ANALYZER_NONNULL = YES;
				CLANG_ANALYZER_NUMBER_OBJECT_CONVERSION = YES_AGGRESSIVE;
				CLANG_CXX_LANGUAGE_STANDARD = "gnu++17";
				CLANG_CXX_LIBRARY = "libc++";
				CLANG_ENABLE_MODULES = YES;
				CLANG_ENABLE_OBJC_ARC = YES;
				CLANG_ENABLE_OBJC_WEAK = YES;
				CLANG_WARN_BLOCK_CAPTURE_AUTORELEASING = YES;
				CLANG_WARN_BOOL_CONVERSION = YES;
				CLANG_WARN_COMMA = YES;
				CLANG_WARN_CONSTANT_CONVERSION = YES;
				CLANG_WARN_DEPRECATED_OBJC_IMPLEMENTATIONS = YES;
				CLANG_WARN_DIRECT_OBJC_ISA_USAGE = YES_ERROR;
				CLANG_WARN_DOCUMENTATION_COMMENTS = YES;
				CLANG_WARN_EMPTY_BODY = YES;
				CLANG_WARN_ENUM_CONVERSION = YES;
				CLANG_WARN_INFINITE_RECURSION = YES;
				CLANG_WARN_INT_CONVERSION = YES;
				CLANG_WARN_NON_LITERAL_NULL_CONVERSION = YES;
				CLANG_WARN_OBJC_IMPLICIT_RETAIN_SELF = YES;
				CLANG_WARN_OBJC_LITERAL_CONVERSION = YES;
				CLANG_WARN_OBJC_ROOT_CLASS = YES_ERROR;
				CLANG_WARN_QUOTED_INCLUDE_IN_FRAMEWORK_HEADER = YES;
				CLANG_WARN_RANGE_LOOP_ANALYSIS = YES;
				CLANG_WARN_STRICT_PROTOTYPES = YES;
				CLANG_WARN_SUSPICIOUS_MOVE = YES;
				CLANG_WARN_UNGUARDED_AVAILABILITY = YES_AGGRESSIVE;
				CLANG_WARN_UNREACHABLE_CODE = YES;
				CLANG_WARN__DUPLICATE_METHOD_MATCH = YES;
				COPY_PHASE_STRIP = NO;
				DEBUG_INFORMATION_FORMAT = "dwarf-with-dsym";
				ENABLE_NS_ASSERTIONS = NO;
				ENABLE_STRICT_OBJC_MSGSEND = YES;
				GCC_C_LANGUAGE_STANDARD = gnu11;
				GCC_NO_COMMON_BLOCKS = YES;
				GCC_WARN_64_TO_32_BIT_CONVERSION = YES;
				GCC_WARN_ABOUT_RETURN_TYPE = YES_ERROR;
				GCC_WARN_UNDECLARED_SELECTOR = YES;
				GCC_WARN_UNINITIALIZED_AUTOS = YES_AGGRESSIVE;
				GCC_WARN_UNUSED_FUNCTION = YES;
				GCC_WARN_UNUSED_VARIABLE = YES;
				IPHONEOS_DEPLOYMENT_TARGET = 15.0;
				MTL_ENABLE_DEBUG_INFO = NO;
				MTL_FAST_MATH = YES;
				SDKROOT = iphoneos;
				SWIFT_COMPILATION_MODE = wholemodule;
				SWIFT_OPTIMIZATION_LEVEL = "-O";
				VALIDATE_PRODUCT = YES;
			};
			name = Release;
		};
		63256A572758721800BFC1A0 /* Debug */ = {
			isa = XCBuildConfiguration;
			buildSettings = {
				ASSETCATALOG_COMPILER_APPICON_NAME = AppIcon;
				ASSETCATALOG_COMPILER_GLOBAL_ACCENT_COLOR_NAME = AccentColor;
				CODE_SIGN_STYLE = Automatic;
				CURRENT_PROJECT_VERSION = 1;
				DEVELOPMENT_ASSET_PATHS = "\"road_test/Preview Content\"";
				ENABLE_PREVIEWS = YES;
				GENERATE_INFOPLIST_FILE = YES;
				INFOPLIST_KEY_UIApplicationSceneManifest_Generation = YES;
				INFOPLIST_KEY_UIApplicationSupportsIndirectInputEvents = YES;
				INFOPLIST_KEY_UILaunchScreen_Generation = YES;
				INFOPLIST_KEY_UISupportedInterfaceOrientations_iPad = "UIInterfaceOrientationPortrait UIInterfaceOrientationPortraitUpsideDown UIInterfaceOrientationLandscapeLeft UIInterfaceOrientationLandscapeRight";
				INFOPLIST_KEY_UISupportedInterfaceOrientations_iPhone = "UIInterfaceOrientationPortrait UIInterfaceOrientationLandscapeLeft UIInterfaceOrientationLandscapeRight";
				LD_RUNPATH_SEARCH_PATHS = (
					"$(inherited)",
					"@executable_path/Frameworks",
				);
				MARKETING_VERSION = 1.0;
				PRODUCT_BUNDLE_IDENTIFIER = "David.road-test";
				PRODUCT_NAME = "$(TARGET_NAME)";
				SWIFT_EMIT_LOC_STRINGS = YES;
				SWIFT_VERSION = 5.0;
				TARGETED_DEVICE_FAMILY = "1,2";
			};
			name = Debug;
		};
		63256A582758721800BFC1A0 /* Release */ = {
			isa = XCBuildConfiguration;
			buildSettings = {
				ASSETCATALOG_COMPILER_APPICON_NAME = AppIcon;
				ASSETCATALOG_COMPILER_GLOBAL_ACCENT_COLOR_NAME = AccentColor;
				CODE_SIGN_STYLE = Automatic;
				CURRENT_PROJECT_VERSION = 1;
				DEVELOPMENT_ASSET_PATHS = "\"road_test/Preview Content\"";
				ENABLE_PREVIEWS = YES;
				GENERATE_INFOPLIST_FILE = YES;
				INFOPLIST_KEY_UIApplicationSceneManifest_Generation = YES;
				INFOPLIST_KEY_UIApplicationSupportsIndirectInputEvents = YES;
				INFOPLIST_KEY_UILaunchScreen_Generation = YES;
				INFOPLIST_KEY_UISupportedInterfaceOrientations_iPad = "UIInterfaceOrientationPortrait UIInterfaceOrientationPortraitUpsideDown UIInterfaceOrientationLandscapeLeft UIInterfaceOrientationLandscapeRight";
				INFOPLIST_KEY_UISupportedInterfaceOrientations_iPhone = "UIInterfaceOrientationPortrait UIInterfaceOrientationLandscapeLeft UIInterfaceOrientationLandscapeRight";
				LD_RUNPATH_SEARCH_PATHS = (
					"$(inherited)",
					"@executable_path/Frameworks",
				);
				MARKETING_VERSION = 1.0;
				PRODUCT_BUNDLE_IDENTIFIER = "David.road-test";
				PRODUCT_NAME = "$(TARGET_NAME)";
				SWIFT_EMIT_LOC_STRINGS = YES;
				SWIFT_VERSION = 5.0;
				TARGETED_DEVICE_FAMILY = "1,2";
			};
			name = Release;
		};
		63256A5A2758721800BFC1A0 /* Debug */ = {
			isa = XCBuildConfiguration;
			buildSettings = {
				ALWAYS_EMBED_SWIFT_STANDARD_LIBRARIES = YES;
				BUNDLE_LOADER = "$(TEST_HOST)";
				CODE_SIGN_STYLE = Automatic;
				CURRENT_PROJECT_VERSION = 1;
				GENERATE_INFOPLIST_FILE = YES;
				IPHONEOS_DEPLOYMENT_TARGET = 15.0;
				LD_RUNPATH_SEARCH_PATHS = (
					"$(inherited)",
					"@executable_path/Frameworks",
					"@loader_path/Frameworks",
				);
				MARKETING_VERSION = 1.0;
				PRODUCT_BUNDLE_IDENTIFIER = "David.road-testTests";
				PRODUCT_NAME = "$(TARGET_NAME)";
				SWIFT_EMIT_LOC_STRINGS = NO;
				SWIFT_VERSION = 5.0;
				TARGETED_DEVICE_FAMILY = "1,2";
				TEST_HOST = "$(BUILT_PRODUCTS_DIR)/road_test.app/road_test";
			};
			name = Debug;
		};
		63256A5B2758721800BFC1A0 /* Release */ = {
			isa = XCBuildConfiguration;
			buildSettings = {
				ALWAYS_EMBED_SWIFT_STANDARD_LIBRARIES = YES;
				BUNDLE_LOADER = "$(TEST_HOST)";
				CODE_SIGN_STYLE = Automatic;
				CURRENT_PROJECT_VERSION = 1;
				GENERATE_INFOPLIST_FILE = YES;
				IPHONEOS_DEPLOYMENT_TARGET = 15.0;
				LD_RUNPATH_SEARCH_PATHS = (
					"$(inherited)",
					"@executable_path/Frameworks",
					"@loader_path/Frameworks",
				);
				MARKETING_VERSION = 1.0;
				PRODUCT_BUNDLE_IDENTIFIER = "David.road-testTests";
				PRODUCT_NAME = "$(TARGET_NAME)";
				SWIFT_EMIT_LOC_STRINGS = NO;
				SWIFT_VERSION = 5.0;
				TARGETED_DEVICE_FAMILY = "1,2";
				TEST_HOST = "$(BUILT_PRODUCTS_DIR)/road_test.app/road_test";
			};
			name = Release;
		};
		63256A5D2758721800BFC1A0 /* Debug */ = {
			isa = XCBuildConfiguration;
			buildSettings = {
				ALWAYS_EMBED_SWIFT_STANDARD_LIBRARIES = YES;
				CODE_SIGN_STYLE = Automatic;
				CURRENT_PROJECT_VERSION = 1;
				GENERATE_INFOPLIST_FILE = YES;
				LD_RUNPATH_SEARCH_PATHS = (
					"$(inherited)",
					"@executable_path/Frameworks",
					"@loader_path/Frameworks",
				);
				MARKETING_VERSION = 1.0;
				PRODUCT_BUNDLE_IDENTIFIER = "David.road-testUITests";
				PRODUCT_NAME = "$(TARGET_NAME)";
				SWIFT_EMIT_LOC_STRINGS = NO;
				SWIFT_VERSION = 5.0;
				TARGETED_DEVICE_FAMILY = "1,2";
				TEST_TARGET_NAME = road_test;
			};
			name = Debug;
		};
		63256A5E2758721800BFC1A0 /* Release */ = {
			isa = XCBuildConfiguration;
			buildSettings = {
				ALWAYS_EMBED_SWIFT_STANDARD_LIBRARIES = YES;
				CODE_SIGN_STYLE = Automatic;
				CURRENT_PROJECT_VERSION = 1;
				GENERATE_INFOPLIST_FILE = YES;
				LD_RUNPATH_SEARCH_PATHS = (
					"$(inherited)",
					"@executable_path/Frameworks",
					"@loader_path/Frameworks",
				);
				MARKETING_VERSION = 1.0;
				PRODUCT_BUNDLE_IDENTIFIER = "David.road-testUITests";
				PRODUCT_NAME = "$(TARGET_NAME)";
				SWIFT_EMIT_LOC_STRINGS = NO;
				SWIFT_VERSION = 5.0;
				TARGETED_DEVICE_FAMILY = "1,2";
				TEST_TARGET_NAME = road_test;
			};
			name = Release;
		};
/* End XCBuildConfiguration section */

/* Begin XCConfigurationList section */
		63256A2D2758721700BFC1A0 /* Build configuration list for PBXProject "road_test" */ = {
			isa = XCConfigurationList;
			buildConfigurations = (
				63256A542758721800BFC1A0 /* Debug */,
				63256A552758721800BFC1A0 /* Release */,
			);
			defaultConfigurationIsVisible = 0;
			defaultConfigurationName = Release;
		};
		63256A562758721800BFC1A0 /* Build configuration list for PBXNativeTarget "road_test" */ = {
			isa = XCConfigurationList;
			buildConfigurations = (
				63256A572758721800BFC1A0 /* Debug */,
				63256A582758721800BFC1A0 /* Release */,
			);
			defaultConfigurationIsVisible = 0;
			defaultConfigurationName = Release;
		};
		63256A592758721800BFC1A0 /* Build configuration list for PBXNativeTarget "road_testTests" */ = {
			isa = XCConfigurationList;
			buildConfigurations = (
				63256A5A2758721800BFC1A0 /* Debug */,
				63256A5B2758721800BFC1A0 /* Release */,
			);
			defaultConfigurationIsVisible = 0;
			defaultConfigurationName = Release;
		};
		63256A5C2758721800BFC1A0 /* Build configuration list for PBXNativeTarget "road_testUITests" */ = {
			isa = XCConfigurationList;
			buildConfigurations = (
				63256A5D2758721800BFC1A0 /* Debug */,
				63256A5E2758721800BFC1A0 /* Release */,
			);
			defaultConfigurationIsVisible = 0;
			defaultConfigurationName = Release;
		};
/* End XCConfigurationList section */
	};
	rootObject = 63256A2A2758721700BFC1A0 /* Project object */;
}
